
Microsoft Visual Studio Solution File, Format Version 12.00
# Visual Studio Version 17
VisualStudioVersion = 17.5.33516.290
MinimumVisualStudioVersion = 10.0.40219.1
Project("{FAE04EC0-301F-11D3-BF4B-00C04F79EFBC}") = "SeleniumApp", "SeleniumApp\SeleniumApp.csproj", "{5EB0F982-FD69-45F4-A7A1-E09B8536B44F}"
EndProject
Project("{FAE04EC0-301F-11D3-BF4B-00C04F79EFBC}") = "StealLyrics", "StealLyrics\StealLyrics.csproj", "{C75659D6-6D0D-4BF0-8B4E-6724D14D7476}"
EndProject
Global
	GlobalSection(SolutionConfigurationPlatforms) = preSolution
		Debug|Any CPU = Debug|Any CPU
		Release|Any CPU = Release|Any CPU
	EndGlobalSection
	GlobalSection(ProjectConfigurationPlatforms) = postSolution
		{5EB0F982-FD69-45F4-A7A1-E09B8536B44F}.Debug|Any CPU.ActiveCfg = Debug|Any CPU
		{5EB0F982-FD69-45F4-A7A1-E09B8536B44F}.Debug|Any CPU.Build.0 = Debug|Any CPU
		{5EB0F982-FD69-45F4-A7A1-E09B8536B44F}.Release|Any CPU.ActiveCfg = Release|Any CPU
		{5EB0F982-FD69-45F4-A7A1-E09B8536B44F}.Release|Any CPU.Build.0 = Release|Any CPU
		{C75659D6-6D0D-4BF0-8B4E-6724D14D7476}.Debug|Any CPU.ActiveCfg = Debug|Any CPU
		{C75659D6-6D0D-4BF0-8B4E-6724D14D7476}.Debug|Any CPU.Build.0 = Debug|Any CPU
		{C75659D6-6D0D-4BF0-8B4E-6724D14D7476}.Release|Any CPU.ActiveCfg = Release|Any CPU
		{C75659D6-6D0D-4BF0-8B4E-6724D14D7476}.Release|Any CPU.Build.0 = Release|Any CPU
	EndGlobalSection
	GlobalSection(SolutionProperties) = preSolution
		HideSolutionNode = FALSE
	EndGlobalSection
	GlobalSection(ExtensibilityGlobals) = postSolution
		SolutionGuid = {86CA7D33-CE0D-4743-81FD-5ECF555A7D0E}
	EndGlobalSection
EndGlobal
